// !$*UTF8*$!
{
	archiveVersion = 1;
	classes = {
	};
	objectVersion = 46;
	objects = {

/* Begin PBXBuildFile section */
		B30265441C0453BB00D7FB1B /* main.m in Sources */ = {isa = PBXBuildFile; fileRef = B30265431C0453BB00D7FB1B /* main.m */; };
		B30265471C0453BB00D7FB1B /* AppDelegate.m in Sources */ = {isa = PBXBuildFile; fileRef = B30265461C0453BB00D7FB1B /* AppDelegate.m */; };
		B302654A1C0453BB00D7FB1B /* ViewController.m in Sources */ = {isa = PBXBuildFile; fileRef = B30265491C0453BB00D7FB1B /* ViewController.m */; };
		B302654D1C0453BB00D7FB1B /* Main.storyboard in Resources */ = {isa = PBXBuildFile; fileRef = B302654B1C0453BB00D7FB1B /* Main.storyboard */; };
		B302654F1C0453BB00D7FB1B /* Assets.xcassets in Resources */ = {isa = PBXBuildFile; fileRef = B302654E1C0453BB00D7FB1B /* Assets.xcassets */; };
		B30265521C0453BB00D7FB1B /* LaunchScreen.storyboard in Resources */ = {isa = PBXBuildFile; fileRef = B30265501C0453BB00D7FB1B /* LaunchScreen.storyboard */; };
		B302655C1C0454E700D7FB1B /* IntroductionView.m in Sources */ = {isa = PBXBuildFile; fileRef = B302655B1C0454E700D7FB1B /* IntroductionView.m */; };
		F7803727B69FE7C57972C101 /* libPods-GuidePage.a in Frameworks */ = {isa = PBXBuildFile; fileRef = A4E8435A64650577CE29117B /* libPods-GuidePage.a */; };
/* End PBXBuildFile section */

/* Begin PBXFileReference section */
		2F03E7FBF4F92198B444BB4C /* Pods-GuidePage.debug.xcconfig */ = {isa = PBXFileReference; includeInIndex = 1; lastKnownFileType = text.xcconfig; name = "Pods-GuidePage.debug.xcconfig"; path = "Pods/Target Support Files/Pods-GuidePage/Pods-GuidePage.debug.xcconfig"; sourceTree = "<group>"; };
		A4E8435A64650577CE29117B /* libPods-GuidePage.a */ = {isa = PBXFileReference; explicitFileType = archive.ar; includeInIndex = 0; path = "libPods-GuidePage.a"; sourceTree = BUILT_PRODUCTS_DIR; };
		B302653F1C0453BB00D7FB1B /* GuidePage.app */ = {isa = PBXFileReference; explicitFileType = wrapper.application; includeInIndex = 0; path = GuidePage.app; sourceTree = BUILT_PRODUCTS_DIR; };
		B30265431C0453BB00D7FB1B /* main.m */ = {isa = PBXFileReference; lastKnownFileType = sourcecode.c.objc; path = main.m; sourceTree = "<group>"; };
		B30265451C0453BB00D7FB1B /* AppDelegate.h */ = {isa = PBXFileReference; lastKnownFileType = sourcecode.c.h; path = AppDelegate.h; sourceTree = "<group>"; };
		B30265461C0453BB00D7FB1B /* AppDelegate.m */ = {isa = PBXFileReference; lastKnownFileType = sourcecode.c.objc; path = AppDelegate.m; sourceTree = "<group>"; };
		B30265481C0453BB00D7FB1B /* ViewController.h */ = {isa = PBXFileReference; lastKnownFileType = sourcecode.c.h; path = ViewController.h; sourceTree = "<group>"; };
		B30265491C0453BB00D7FB1B /* ViewController.m */ = {isa = PBXFileReference; lastKnownFileType = sourcecode.c.objc; path = ViewController.m; sourceTree = "<group>"; };
		B302654C1C0453BB00D7FB1B /* Base */ = {isa = PBXFileReference; lastKnownFileType = file.storyboard; name = Base; path = Base.lproj/Main.storyboard; sourceTree = "<group>"; };
		B302654E1C0453BB00D7FB1B /* Assets.xcassets */ = {isa = PBXFileReference; lastKnownFileType = folder.assetcatalog; path = Assets.xcassets; sourceTree = "<group>"; };
		B30265511C0453BB00D7FB1B /* Base */ = {isa = PBXFileReference; lastKnownFileType = file.storyboard; name = Base; path = Base.lproj/LaunchScreen.storyboard; sourceTree = "<group>"; };
		B30265531C0453BB00D7FB1B /* Info.plist */ = {isa = PBXFileReference; lastKnownFileType = text.plist.xml; path = Info.plist; sourceTree = "<group>"; };
		B302655A1C0454E700D7FB1B /* IntroductionView.h */ = {isa = PBXFileReference; fileEncoding = 4; lastKnownFileType = sourcecode.c.h; path = IntroductionView.h; sourceTree = "<group>"; };
		B302655B1C0454E700D7FB1B /* IntroductionView.m */ = {isa = PBXFileReference; fileEncoding = 4; lastKnownFileType = sourcecode.c.objc; path = IntroductionView.m; sourceTree = "<group>"; };
		B302655E1C0458E100D7FB1B /* GuideMacros.h */ = {isa = PBXFileReference; lastKnownFileType = sourcecode.c.h; path = GuideMacros.h; sourceTree = "<group>"; };
		FC1988EC047058032689CB54 /* Pods-GuidePage.release.xcconfig */ = {isa = PBXFileReference; includeInIndex = 1; lastKnownFileType = text.xcconfig; name = "Pods-GuidePage.release.xcconfig"; path = "Pods/Target Support Files/Pods-GuidePage/Pods-GuidePage.release.xcconfig"; sourceTree = "<group>"; };
/* End PBXFileReference section */

/* Begin PBXFrameworksBuildPhase section */
		B302653C1C0453BB00D7FB1B /* Frameworks */ = {
			isa = PBXFrameworksBuildPhase;
			buildActionMask = 2147483647;
			files = (
				F7803727B69FE7C57972C101 /* libPods-GuidePage.a in Frameworks */,
			);
			runOnlyForDeploymentPostprocessing = 0;
		};
/* End PBXFrameworksBuildPhase section */

/* Begin PBXGroup section */
		7D811E2C5B8BCD88959C112D /* Frameworks */ = {
			isa = PBXGroup;
			children = (
				A4E8435A64650577CE29117B /* libPods-GuidePage.a */,
			);
			name = Frameworks;
			sourceTree = "<group>";
		};
		93A1A20BBA5F770BAF7F7601 /* Pods */ = {
			isa = PBXGroup;
			children = (
				2F03E7FBF4F92198B444BB4C /* Pods-GuidePage.debug.xcconfig */,
				FC1988EC047058032689CB54 /* Pods-GuidePage.release.xcconfig */,
			);
			name = Pods;
			sourceTree = "<group>";
		};
		B30265361C0453BB00D7FB1B = {
			isa = PBXGroup;
			children = (
				B30265411C0453BB00D7FB1B /* GuidePage */,
				B30265401C0453BB00D7FB1B /* Products */,
				93A1A20BBA5F770BAF7F7601 /* Pods */,
				7D811E2C5B8BCD88959C112D /* Frameworks */,
			);
			sourceTree = "<group>";
		};
		B30265401C0453BB00D7FB1B /* Products */ = {
			isa = PBXGroup;
			children = (
				B302653F1C0453BB00D7FB1B /* GuidePage.app */,
			);
			name = Products;
			sourceTree = "<group>";
		};
		B30265411C0453BB00D7FB1B /* GuidePage */ = {
			isa = PBXGroup;
			children = (
				B30265591C0454C600D7FB1B /* Guide */,
				B30265451C0453BB00D7FB1B /* AppDelegate.h */,
				B30265461C0453BB00D7FB1B /* AppDelegate.m */,
				B30265481C0453BB00D7FB1B /* ViewController.h */,
				B30265491C0453BB00D7FB1B /* ViewController.m */,
				B302654B1C0453BB00D7FB1B /* Main.storyboard */,
				B302654E1C0453BB00D7FB1B /* Assets.xcassets */,
				B30265501C0453BB00D7FB1B /* LaunchScreen.storyboard */,
				B30265531C0453BB00D7FB1B /* Info.plist */,
				B30265421C0453BB00D7FB1B /* Supporting Files */,
			);
			path = GuidePage;
			sourceTree = "<group>";
		};
		B30265421C0453BB00D7FB1B /* Supporting Files */ = {
			isa = PBXGroup;
			children = (
				B30265431C0453BB00D7FB1B /* main.m */,
			);
			name = "Supporting Files";
			sourceTree = "<group>";
		};
		B30265591C0454C600D7FB1B /* Guide */ = {
			isa = PBXGroup;
			children = (
				B302655A1C0454E700D7FB1B /* IntroductionView.h */,
				B302655B1C0454E700D7FB1B /* IntroductionView.m */,
				B302655E1C0458E100D7FB1B /* GuideMacros.h */,
			);
			path = Guide;
			sourceTree = "<group>";
		};
/* End PBXGroup section */

/* Begin PBXNativeTarget section */
		B302653E1C0453BB00D7FB1B /* GuidePage */ = {
			isa = PBXNativeTarget;
			buildConfigurationList = B30265561C0453BB00D7FB1B /* Build configuration list for PBXNativeTarget "GuidePage" */;
			buildPhases = (
				40A7AC7C128B7AAC9212B085 /* Check Pods Manifest.lock */,
				B302653B1C0453BB00D7FB1B /* Sources */,
				B302653C1C0453BB00D7FB1B /* Frameworks */,
				B302653D1C0453BB00D7FB1B /* Resources */,
				2C289DC4D98AD04CEAC58F12 /* Embed Pods Frameworks */,
				022F57EA5D12ADC92DA70341 /* Copy Pods Resources */,
			);
			buildRules = (
			);
			dependencies = (
			);
			name = GuidePage;
			productName = GuidePage;
			productReference = B302653F1C0453BB00D7FB1B /* GuidePage.app */;
			productType = "com.apple.product-type.application";
		};
/* End PBXNativeTarget section */

/* Begin PBXProject section */
		B30265371C0453BB00D7FB1B /* Project object */ = {
			isa = PBXProject;
			attributes = {
				LastUpgradeCheck = 0710;
				ORGANIZATIONNAME = Kemi.;
				TargetAttributes = {
					B302653E1C0453BB00D7FB1B = {
						CreatedOnToolsVersion = 7.1.1;
					};
				};
			};
			buildConfigurationList = B302653A1C0453BB00D7FB1B /* Build configuration list for PBXProject "GuidePage" */;
			compatibilityVersion = "Xcode 3.2";
			developmentRegion = English;
			hasScannedForEncodings = 0;
			knownRegions = (
				en,
				Base,
			);
			mainGroup = B30265361C0453BB00D7FB1B;
			productRefGroup = B30265401C0453BB00D7FB1B /* Products */;
			projectDirPath = "";
			projectRoot = "";
			targets = (
				B302653E1C0453BB00D7FB1B /* GuidePage */,
			);
		};
/* End PBXProject section */

/* Begin PBXResourcesBuildPhase section */
		B302653D1C0453BB00D7FB1B /* Resources */ = {
			isa = PBXResourcesBuildPhase;
			buildActionMask = 2147483647;
			files = (
				B30265521C0453BB00D7FB1B /* LaunchScreen.storyboard in Resources */,
				B302654F1C0453BB00D7FB1B /* Assets.xcassets in Resources */,
				B302654D1C0453BB00D7FB1B /* Main.storyboard in Resources */,
			);
			runOnlyForDeploymentPostprocessing = 0;
		};
/* End PBXResourcesBuildPhase section */

/* Begin PBXShellScriptBuildPhase section */
		022F57EA5D12ADC92DA70341 /* Copy Pods Resources */ = {
			isa = PBXShellScriptBuildPhase;
			buildActionMask = 2147483647;
			files = (
			);
			inputPaths = (
			);
			name = "Copy Pods Resources";
			outputPaths = (
			);
			runOnlyForDeploymentPostprocessing = 0;
			shellPath = /bin/sh;
			shellScript = "\"${SRCROOT}/Pods/Target Support Files/Pods-GuidePage/Pods-GuidePage-resources.sh\"\n";
			showEnvVarsInLog = 0;
		};
		2C289DC4D98AD04CEAC58F12 /* Embed Pods Frameworks */ = {
			isa = PBXShellScriptBuildPhase;
			buildActionMask = 2147483647;
			files = (
			);
			inputPaths = (
			);
			name = "Embed Pods Frameworks";
			outputPaths = (
			);
			runOnlyForDeploymentPostprocessing = 0;
			shellPath = /bin/sh;
			shellScript = "\"${SRCROOT}/Pods/Target Support Files/Pods-GuidePage/Pods-GuidePage-frameworks.sh\"\n";
			showEnvVarsInLog = 0;
		};
		40A7AC7C128B7AAC9212B085 /* Check Pods Manifest.lock */ = {
			isa = PBXShellScriptBuildPhase;
			buildActionMask = 2147483647;
			files = (
			);
			inputPaths = (
			);
			name = "Check Pods Manifest.lock";
			outputPaths = (
			);
			runOnlyForDeploymentPostprocessing = 0;
			shellPath = /bin/sh;
			shellScript = "diff \"${PODS_ROOT}/../Podfile.lock\" \"${PODS_ROOT}/Manifest.lock\" > /dev/null\nif [[ $? != 0 ]] ; then\n    cat << EOM\nerror: The sandbox is not in sync with the Podfile.lock. Run 'pod install' or update your CocoaPods installation.\nEOM\n    exit 1\nfi\n";
			showEnvVarsInLog = 0;
		};
/* End PBXShellScriptBuildPhase section */

/* Begin PBXSourcesBuildPhase section */
		B302653B1C0453BB00D7FB1B /* Sources */ = {
			isa = PBXSourcesBuildPhase;
			buildActionMask = 2147483647;
			files = (
				B302654A1C0453BB00D7FB1B /* ViewController.m in Sources */,
				B30265471C0453BB00D7FB1B /* AppDelegate.m in Sources */,
				B302655C1C0454E700D7FB1B /* IntroductionView.m in Sources */,
				B30265441C0453BB00D7FB1B /* main.m in Sources */,
			);
			runOnlyForDeploymentPostprocessing = 0;
		};
/* End PBXSourcesBuildPhase section */

/* Begin PBXVariantGroup section */
		B302654B1C0453BB00D7FB1B /* Main.storyboard */ = {
			isa = PBXVariantGroup;
			children = (
				B302654C1C0453BB00D7FB1B /* Base */,
			);
			name = Main.storyboard;
			sourceTree = "<group>";
		};
		B30265501C0453BB00D7FB1B /* LaunchScreen.storyboard */ = {
			isa = PBXVariantGroup;
			children = (
				B30265511C0453BB00D7FB1B /* Base */,
			);
			name = LaunchScreen.storyboard;
			sourceTree = "<group>";
		};
/* End PBXVariantGroup section */

/* Begin XCBuildConfiguration section */
		B30265541C0453BB00D7FB1B /* Debug */ = {
			isa = XCBuildConfiguration;
			buildSettings = {
				ALWAYS_SEARCH_USER_PATHS = NO;
				CLANG_CXX_LANGUAGE_STANDARD = "gnu++0x";
				CLANG_CXX_LIBRARY = "libc++";
				CLANG_ENABLE_MODULES = YES;
				CLANG_ENABLE_OBJC_ARC = YES;
				CLANG_WARN_BOOL_CONVERSION = YES;
				CLANG_WARN_CONSTANT_CONVERSION = YES;
				CLANG_WARN_DIRECT_OBJC_ISA_USAGE = YES_ERROR;
				CLANG_WARN_EMPTY_BODY = YES;
				CLANG_WARN_ENUM_CONVERSION = YES;
				CLANG_WARN_INT_CONVERSION = YES;
				CLANG_WARN_OBJC_ROOT_CLASS = YES_ERROR;
				CLANG_WARN_UNREACHABLE_CODE = YES;
				CLANG_WARN__DUPLICATE_METHOD_MATCH = YES;
				"CODE_SIGN_IDENTITY[sdk=iphoneos*]" = "iPhone Developer";
				COPY_PHASE_STRIP = NO;
				DEBUG_INFORMATION_FORMAT = dwarf;
				ENABLE_STRICT_OBJC_MSGSEND = YES;
				ENABLE_TESTABILITY = YES;
				GCC_C_LANGUAGE_STANDARD = gnu99;
				GCC_DYNAMIC_NO_PIC = NO;
				GCC_NO_COMMON_BLOCKS = YES;
				GCC_OPTIMIZATION_LEVEL = 0;
				GCC_PREPROCESSOR_DEFINITIONS = (
					"DEBUG=1",
					"$(inherited)",
				);
				GCC_WARN_64_TO_32_BIT_CONVERSION = YES;
				GCC_WARN_ABOUT_RETURN_TYPE = YES_ERROR;
				GCC_WARN_UNDECLARED_SELECTOR = YES;
				GCC_WARN_UNINITIALIZED_AUTOS = YES_AGGRESSIVE;
				GCC_WARN_UNUSED_FUNCTION = YES;
				GCC_WARN_UNUSED_VARIABLE = YES;
				IPHONEOS_DEPLOYMENT_TARGET = 9.1;
				MTL_ENABLE_DEBUG_INFO = YES;
				ONLY_ACTIVE_ARCH = YES;
				SDKROOT = iphoneos;
			};
			name = Debug;
		};
		B30265551C0453BB00D7FB1B /* Release */ = {
			isa = XCBuildConfiguration;
			buildSettings = {
				ALWAYS_SEARCH_USER_PATHS = NO;
				CLANG_CXX_LANGUAGE_STANDARD = "gnu++0x";
				CLANG_CXX_LIBRARY = "libc++";
				CLANG_ENABLE_MODULES = YES;
				CLANG_ENABLE_OBJC_ARC = YES;
				CLANG_WARN_BOOL_CONVERSION = YES;
				CLANG_WARN_CONSTANT_CONVERSION = YES;
				CLANG_WARN_DIRECT_OBJC_ISA_USAGE = YES_ERROR;
				CLANG_WARN_EMPTY_BODY = YES;
				CLANG_WARN_ENUM_CONVERSION = YES;
				CLANG_WARN_INT_CONVERSION = YES;
				CLANG_WARN_OBJC_ROOT_CLASS = YES_ERROR;
				CLANG_WARN_UNREACHABLE_CODE = YES;
				CLANG_WARN__DUPLICATE_METHOD_MATCH = YES;
				"CODE_SIGN_IDENTITY[sdk=iphoneos*]" = "iPhone Developer";
				COPY_PHASE_STRIP = NO;
				DEBUG_INFORMATION_FORMAT = "dwarf-with-dsym";
				ENABLE_NS_ASSERTIONS = NO;
				ENABLE_STRICT_OBJC_MSGSEND = YES;
				GCC_C_LANGUAGE_STANDARD = gnu99;
				GCC_NO_COMMON_BLOCKS = YES;
				GCC_WARN_64_TO_32_BIT_CONVERSION = YES;
				GCC_WARN_ABOUT_RETURN_TYPE = YES_ERROR;
				GCC_WARN_UNDECLARED_SELECTOR = YES;
				GCC_WARN_UNINITIALIZED_AUTOS = YES_AGGRESSIVE;
				GCC_WARN_UNUSED_FUNCTION = YES;
				GCC_WARN_UNUSED_VARIABLE = YES;
				IPHONEOS_DEPLOYMENT_TARGET = 9.1;
				MTL_ENABLE_DEBUG_INFO = NO;
				SDKROOT = iphoneos;
				VALIDATE_PRODUCT = YES;
			};
			name = Release;
		};
		B30265571C0453BB00D7FB1B /* Debug */ = {
			isa = XCBuildConfiguration;
			baseConfigurationReference = 2F03E7FBF4F92198B444BB4C /* Pods-GuidePage.debug.xcconfig */;
			buildSettings = {
				ASSETCATALOG_COMPILER_APPICON_NAME = AppIcon;
				INFOPLIST_FILE = GuidePage/Info.plist;
				LD_RUNPATH_SEARCH_PATHS = "$(inherited) @executable_path/Frameworks";
				PRODUCT_BUNDLE_IDENTIFIER = com.thomson.GuidePage;
				PRODUCT_NAME = "$(TARGET_NAME)";
			};
			name = Debug;
		};
		B30265581C0453BB00D7FB1B /* Release */ = {
			isa = XCBuildConfiguration;
			baseConfigurationReference = FC1988EC047058032689CB54 /* Pods-GuidePage.release.xcconfig */;
			buildSettings = {
				ASSETCATALOG_COMPILER_APPICON_NAME = AppIcon;
				INFOPLIST_FILE = GuidePage/Info.plist;
				LD_RUNPATH_SEARCH_PATHS = "$(inherited) @executable_path/Frameworks";
				PRODUCT_BUNDLE_IDENTIFIER = com.thomson.GuidePage;
				PRODUCT_NAME = "$(TARGET_NAME)";
			};
			name = Release;
		};
/* End XCBuildConfiguration section */

/* Begin XCConfigurationList section */
		B302653A1C0453BB00D7FB1B /* Build configuration list for PBXProject "GuidePage" */ = {
			isa = XCConfigurationList;
			buildConfigurations = (
				B30265541C0453BB00D7FB1B /* Debug */,
				B30265551C0453BB00D7FB1B /* Release */,
			);
			defaultConfigurationIsVisible = 0;
			defaultConfigurationName = Release;
		};
		B30265561C0453BB00D7FB1B /* Build configuration list for PBXNativeTarget "GuidePage" */ = {
			isa = XCConfigurationList;
			buildConfigurations = (
				B30265571C0453BB00D7FB1B /* Debug */,
				B30265581C0453BB00D7FB1B /* Release */,
			);
			defaultConfigurationIsVisible = 0;
			defaultConfigurationName = Release;
		};
/* End XCConfigurationList section */
	};
	rootObject = B30265371C0453BB00D7FB1B /* Project object */;
}
